// !$*UTF8*$!
{
	archiveVersion = 1;
	classes = {
	};
	objectVersion = 52;
	objects = {

/* Begin PBXBuildFile section */
		880690C3254D79AC004AD7E9 /* TaskDetailsView.swift in Sources */ = {isa = PBXBuildFile; fileRef = 880690C2254D79AC004AD7E9 /* TaskDetailsView.swift */; };
		8821787D254879CB0044DCED /* ToDoApp.swift in Sources */ = {isa = PBXBuildFile; fileRef = 8821787C254879CB0044DCED /* ToDoApp.swift */; };
		88217881254879D00044DCED /* Assets.xcassets in Resources */ = {isa = PBXBuildFile; fileRef = 88217880254879D00044DCED /* Assets.xcassets */; };
		88217884254879D00044DCED /* Preview Assets.xcassets in Resources */ = {isa = PBXBuildFile; fileRef = 88217883254879D00044DCED /* Preview Assets.xcassets */; };
		88217895254882380044DCED /* DatabaseManager.swift in Sources */ = {isa = PBXBuildFile; fileRef = 88217894254882380044DCED /* DatabaseManager.swift */; };
		882178B12548C3250044DCED /* Task.swift in Sources */ = {isa = PBXBuildFile; fileRef = 882178B02548C3250044DCED /* Task.swift */; };
		882178B52548C5DD0044DCED /* RootView.swift in Sources */ = {isa = PBXBuildFile; fileRef = 882178B42548C5DD0044DCED /* RootView.swift */; };
		882178B92548C6470044DCED /* PartialSheet in Frameworks */ = {isa = PBXBuildFile; productRef = 882178B82548C6470044DCED /* PartialSheet */; };
		882178BC2548C6CE0044DCED /* AddTaskView.swift in Sources */ = {isa = PBXBuildFile; fileRef = 882178BB2548C6CE0044DCED /* AddTaskView.swift */; };
		882178C32548C97E0044DCED /* TasksView.swift in Sources */ = {isa = PBXBuildFile; fileRef = 882178C22548C97E0044DCED /* TasksView.swift */; };
		882178C72548CA450044DCED /* TasksListView.swift in Sources */ = {isa = PBXBuildFile; fileRef = 882178C62548CA450044DCED /* TasksListView.swift */; };
		882178CA2548CA6B0044DCED /* TaskView.swift in Sources */ = {isa = PBXBuildFile; fileRef = 882178C92548CA6B0044DCED /* TaskView.swift */; };
		8825954F2549D9CA006D6E23 /* Calendar.swift in Sources */ = {isa = PBXBuildFile; fileRef = 8825954E2549D9CA006D6E23 /* Calendar.swift */; };
		88681B87254C6CAD00F2A523 /* CalendarCellView.swift in Sources */ = {isa = PBXBuildFile; fileRef = 88681B86254C6CAD00F2A523 /* CalendarCellView.swift */; };
		88C5E9B9254A1C8D00C5A231 /* CalendarLineView.swift in Sources */ = {isa = PBXBuildFile; fileRef = 88C5E9B8254A1C8D00C5A231 /* CalendarLineView.swift */; };
		88C5E9BC254A1CFB00C5A231 /* Formatter.swift in Sources */ = {isa = PBXBuildFile; fileRef = 88C5E9BB254A1CFB00C5A231 /* Formatter.swift */; };
		88C5E9BF254A242300C5A231 /* AppDelegate.swift in Sources */ = {isa = PBXBuildFile; fileRef = 88C5E9BE254A242300C5A231 /* AppDelegate.swift */; };
		D6DE30129A5017E67405D807 /* Pods_ToDoApp.framework in Frameworks */ = {isa = PBXBuildFile; fileRef = 13002A0724FA95E75F9057C7 /* Pods_ToDoApp.framework */; };
/* End PBXBuildFile section */

/* Begin PBXFileReference section */
		13002A0724FA95E75F9057C7 /* Pods_ToDoApp.framework */ = {isa = PBXFileReference; explicitFileType = wrapper.framework; includeInIndex = 0; path = Pods_ToDoApp.framework; sourceTree = BUILT_PRODUCTS_DIR; };
		437938D5E5F8DF945B79338A /* Pods-ToDoApp.debug.xcconfig */ = {isa = PBXFileReference; includeInIndex = 1; lastKnownFileType = text.xcconfig; name = "Pods-ToDoApp.debug.xcconfig"; path = "Target Support Files/Pods-ToDoApp/Pods-ToDoApp.debug.xcconfig"; sourceTree = "<group>"; };
		4A984D2B07ED18F4E583107F /* Pods-ToDoApp.release.xcconfig */ = {isa = PBXFileReference; includeInIndex = 1; lastKnownFileType = text.xcconfig; name = "Pods-ToDoApp.release.xcconfig"; path = "Target Support Files/Pods-ToDoApp/Pods-ToDoApp.release.xcconfig"; sourceTree = "<group>"; };
		880690C2254D79AC004AD7E9 /* TaskDetailsView.swift */ = {isa = PBXFileReference; lastKnownFileType = sourcecode.swift; path = TaskDetailsView.swift; sourceTree = "<group>"; };
		88217879254879CB0044DCED /* ToDoApp.app */ = {isa = PBXFileReference; explicitFileType = wrapper.application; includeInIndex = 0; path = ToDoApp.app; sourceTree = BUILT_PRODUCTS_DIR; };
		8821787C254879CB0044DCED /* ToDoApp.swift */ = {isa = PBXFileReference; lastKnownFileType = sourcecode.swift; path = ToDoApp.swift; sourceTree = "<group>"; };
		88217880254879D00044DCED /* Assets.xcassets */ = {isa = PBXFileReference; lastKnownFileType = folder.assetcatalog; path = Assets.xcassets; sourceTree = "<group>"; };
		88217883254879D00044DCED /* Preview Assets.xcassets */ = {isa = PBXFileReference; lastKnownFileType = folder.assetcatalog; path = "Preview Assets.xcassets"; sourceTree = "<group>"; };
		88217885254879D00044DCED /* Info.plist */ = {isa = PBXFileReference; lastKnownFileType = text.plist.xml; path = Info.plist; sourceTree = "<group>"; };
		88217894254882380044DCED /* DatabaseManager.swift */ = {isa = PBXFileReference; lastKnownFileType = sourcecode.swift; path = DatabaseManager.swift; sourceTree = "<group>"; };
		882178B02548C3250044DCED /* Task.swift */ = {isa = PBXFileReference; lastKnownFileType = sourcecode.swift; path = Task.swift; sourceTree = "<group>"; };
		882178B42548C5DD0044DCED /* RootView.swift */ = {isa = PBXFileReference; lastKnownFileType = sourcecode.swift; path = RootView.swift; sourceTree = "<group>"; };
		882178BB2548C6CE0044DCED /* AddTaskView.swift */ = {isa = PBXFileReference; lastKnownFileType = sourcecode.swift; path = AddTaskView.swift; sourceTree = "<group>"; };
		882178C22548C97E0044DCED /* TasksView.swift */ = {isa = PBXFileReference; lastKnownFileType = sourcecode.swift; path = TasksView.swift; sourceTree = "<group>"; };
		882178C62548CA450044DCED /* TasksListView.swift */ = {isa = PBXFileReference; lastKnownFileType = sourcecode.swift; path = TasksListView.swift; sourceTree = "<group>"; };
		882178C92548CA6B0044DCED /* TaskView.swift */ = {isa = PBXFileReference; lastKnownFileType = sourcecode.swift; path = TaskView.swift; sourceTree = "<group>"; };
		8825954E2549D9CA006D6E23 /* Calendar.swift */ = {isa = PBXFileReference; lastKnownFileType = sourcecode.swift; path = Calendar.swift; sourceTree = "<group>"; };
		88681B86254C6CAD00F2A523 /* CalendarCellView.swift */ = {isa = PBXFileReference; lastKnownFileType = sourcecode.swift; path = CalendarCellView.swift; sourceTree = "<group>"; };
		88C5E9B8254A1C8D00C5A231 /* CalendarLineView.swift */ = {isa = PBXFileReference; lastKnownFileType = sourcecode.swift; path = CalendarLineView.swift; sourceTree = "<group>"; };
		88C5E9BB254A1CFB00C5A231 /* Formatter.swift */ = {isa = PBXFileReference; lastKnownFileType = sourcecode.swift; path = Formatter.swift; sourceTree = "<group>"; };
		88C5E9BE254A242300C5A231 /* AppDelegate.swift */ = {isa = PBXFileReference; lastKnownFileType = sourcecode.swift; path = AppDelegate.swift; sourceTree = "<group>"; };
/* End PBXFileReference section */

/* Begin PBXFrameworksBuildPhase section */
		88217876254879CB0044DCED /* Frameworks */ = {
			isa = PBXFrameworksBuildPhase;
			buildActionMask = 2147483647;
			files = (
				882178B92548C6470044DCED /* PartialSheet in Frameworks */,
				D6DE30129A5017E67405D807 /* Pods_ToDoApp.framework in Frameworks */,
			);
			runOnlyForDeploymentPostprocessing = 0;
		};
/* End PBXFrameworksBuildPhase section */

/* Begin PBXGroup section */
		1CE867E95B85121B86F48F29 /* Frameworks */ = {
			isa = PBXGroup;
			children = (
				13002A0724FA95E75F9057C7 /* Pods_ToDoApp.framework */,
			);
			name = Frameworks;
			sourceTree = "<group>";
		};
		88217870254879CB0044DCED = {
			isa = PBXGroup;
			children = (
				8821787B254879CB0044DCED /* ToDoApp */,
				8821787A254879CB0044DCED /* Products */,
				DAA3EF9A1C8220B36EDBE964 /* Pods */,
				1CE867E95B85121B86F48F29 /* Frameworks */,
			);
			sourceTree = "<group>";
		};
		8821787A254879CB0044DCED /* Products */ = {
			isa = PBXGroup;
			children = (
				88217879254879CB0044DCED /* ToDoApp.app */,
			);
			name = Products;
			sourceTree = "<group>";
		};
		8821787B254879CB0044DCED /* ToDoApp */ = {
			isa = PBXGroup;
			children = (
				8821787C254879CB0044DCED /* ToDoApp.swift */,
				8825954D2549D9BC006D6E23 /* Extensions */,
				882178922548817E0044DCED /* Resources */,
				882178912548816E0044DCED /* Models */,
				882178932548818C0044DCED /* Views */,
				88217880254879D00044DCED /* Assets.xcassets */,
				88217885254879D00044DCED /* Info.plist */,
				88217882254879D00044DCED /* Preview Content */,
			);
			path = ToDoApp;
			sourceTree = "<group>";
		};
		88217882254879D00044DCED /* Preview Content */ = {
			isa = PBXGroup;
			children = (
				88217883254879D00044DCED /* Preview Assets.xcassets */,
			);
			path = "Preview Content";
			sourceTree = "<group>";
		};
		882178912548816E0044DCED /* Models */ = {
			isa = PBXGroup;
			children = (
				882178B02548C3250044DCED /* Task.swift */,
			);
			path = Models;
			sourceTree = "<group>";
		};
		882178922548817E0044DCED /* Resources */ = {
			isa = PBXGroup;
			children = (
				88217894254882380044DCED /* DatabaseManager.swift */,
				88C5E9BB254A1CFB00C5A231 /* Formatter.swift */,
				88C5E9BE254A242300C5A231 /* AppDelegate.swift */,
			);
			path = Resources;
			sourceTree = "<group>";
		};
		882178932548818C0044DCED /* Views */ = {
			isa = PBXGroup;
			children = (
				882178B42548C5DD0044DCED /* RootView.swift */,
				88681B85254C6C9500F2A523 /* Calendar */,
				882178C52548CA2A0044DCED /* Tasks */,
			);
			path = Views;
			sourceTree = "<group>";
		};
		882178C52548CA2A0044DCED /* Tasks */ = {
			isa = PBXGroup;
			children = (
				882178C22548C97E0044DCED /* TasksView.swift */,
				882178C62548CA450044DCED /* TasksListView.swift */,
				882178C92548CA6B0044DCED /* TaskView.swift */,
				882178BB2548C6CE0044DCED /* AddTaskView.swift */,
				880690C2254D79AC004AD7E9 /* TaskDetailsView.swift */,
			);
			path = Tasks;
			sourceTree = "<group>";
		};
		8825954D2549D9BC006D6E23 /* Extensions */ = {
			isa = PBXGroup;
			children = (
				8825954E2549D9CA006D6E23 /* Calendar.swift */,
			);
			path = Extensions;
			sourceTree = "<group>";
		};
		88681B85254C6C9500F2A523 /* Calendar */ = {
			isa = PBXGroup;
			children = (
				88C5E9B8254A1C8D00C5A231 /* CalendarLineView.swift */,
				88681B86254C6CAD00F2A523 /* CalendarCellView.swift */,
			);
			path = Calendar;
			sourceTree = "<group>";
		};
		DAA3EF9A1C8220B36EDBE964 /* Pods */ = {
			isa = PBXGroup;
			children = (
				437938D5E5F8DF945B79338A /* Pods-ToDoApp.debug.xcconfig */,
				4A984D2B07ED18F4E583107F /* Pods-ToDoApp.release.xcconfig */,
			);
			path = Pods;
			sourceTree = "<group>";
		};
/* End PBXGroup section */

/* Begin PBXNativeTarget section */
		88217878254879CB0044DCED /* ToDoApp */ = {
			isa = PBXNativeTarget;
			buildConfigurationList = 88217888254879D00044DCED /* Build configuration list for PBXNativeTarget "ToDoApp" */;
			buildPhases = (
				45BFB14513CB9F68118BBE47 /* [CP] Check Pods Manifest.lock */,
				88217875254879CB0044DCED /* Sources */,
				88217876254879CB0044DCED /* Frameworks */,
				88217877254879CB0044DCED /* Resources */,
				249847D6078594DB4283309F /* [CP] Embed Pods Frameworks */,
			);
			buildRules = (
			);
			dependencies = (
			);
			name = ToDoApp;
			packageProductDependencies = (
				882178B82548C6470044DCED /* PartialSheet */,
			);
			productName = ToDoApp;
			productReference = 88217879254879CB0044DCED /* ToDoApp.app */;
			productType = "com.apple.product-type.application";
		};
/* End PBXNativeTarget section */

/* Begin PBXProject section */
		88217871254879CB0044DCED /* Project object */ = {
			isa = PBXProject;
			attributes = {
				LastSwiftUpdateCheck = 1210;
				LastUpgradeCheck = 1210;
				TargetAttributes = {
					88217878254879CB0044DCED = {
						CreatedOnToolsVersion = 12.1;
					};
				};
			};
			buildConfigurationList = 88217874254879CB0044DCED /* Build configuration list for PBXProject "ToDoApp" */;
			compatibilityVersion = "Xcode 9.3";
			developmentRegion = en;
			hasScannedForEncodings = 0;
			knownRegions = (
				en,
				Base,
			);
			mainGroup = 88217870254879CB0044DCED;
			packageReferences = (
				882178B72548C6470044DCED /* XCRemoteSwiftPackageReference "PartialSheet" */,
			);
			productRefGroup = 8821787A254879CB0044DCED /* Products */;
			projectDirPath = "";
			projectRoot = "";
			targets = (
				88217878254879CB0044DCED /* ToDoApp */,
			);
		};
/* End PBXProject section */

/* Begin PBXResourcesBuildPhase section */
		88217877254879CB0044DCED /* Resources */ = {
			isa = PBXResourcesBuildPhase;
			buildActionMask = 2147483647;
			files = (
				88217884254879D00044DCED /* Preview Assets.xcassets in Resources */,
				88217881254879D00044DCED /* Assets.xcassets in Resources */,
			);
			runOnlyForDeploymentPostprocessing = 0;
		};
/* End PBXResourcesBuildPhase section */

/* Begin PBXShellScriptBuildPhase section */
		249847D6078594DB4283309F /* [CP] Embed Pods Frameworks */ = {
			isa = PBXShellScriptBuildPhase;
			buildActionMask = 2147483647;
			files = (
			);
			inputFileListPaths = (
				"${PODS_ROOT}/Target Support Files/Pods-ToDoApp/Pods-ToDoApp-frameworks-${CONFIGURATION}-input-files.xcfilelist",
			);
			name = "[CP] Embed Pods Frameworks";
			outputFileListPaths = (
				"${PODS_ROOT}/Target Support Files/Pods-ToDoApp/Pods-ToDoApp-frameworks-${CONFIGURATION}-output-files.xcfilelist",
			);
			runOnlyForDeploymentPostprocessing = 0;
			shellPath = /bin/sh;
			shellScript = "\"${PODS_ROOT}/Target Support Files/Pods-ToDoApp/Pods-ToDoApp-frameworks.sh\"\n";
			showEnvVarsInLog = 0;
		};
		45BFB14513CB9F68118BBE47 /* [CP] Check Pods Manifest.lock */ = {
			isa = PBXShellScriptBuildPhase;
			buildActionMask = 2147483647;
			files = (
			);
			inputFileListPaths = (
			);
			inputPaths = (
				"${PODS_PODFILE_DIR_PATH}/Podfile.lock",
				"${PODS_ROOT}/Manifest.lock",
			);
			name = "[CP] Check Pods Manifest.lock";
			outputFileListPaths = (
			);
			outputPaths = (
				"$(DERIVED_FILE_DIR)/Pods-ToDoApp-checkManifestLockResult.txt",
			);
			runOnlyForDeploymentPostprocessing = 0;
			shellPath = /bin/sh;
			shellScript = "diff \"${PODS_PODFILE_DIR_PATH}/Podfile.lock\" \"${PODS_ROOT}/Manifest.lock\" > /dev/null\nif [ $? != 0 ] ; then\n    # print error to STDERR\n    echo \"error: The sandbox is not in sync with the Podfile.lock. Run 'pod install' or update your CocoaPods installation.\" >&2\n    exit 1\nfi\n# This output is used by Xcode 'outputs' to avoid re-running this script phase.\necho \"SUCCESS\" > \"${SCRIPT_OUTPUT_FILE_0}\"\n";
			showEnvVarsInLog = 0;
		};
/* End PBXShellScriptBuildPhase section */

/* Begin PBXSourcesBuildPhase section */
		88217875254879CB0044DCED /* Sources */ = {
			isa = PBXSourcesBuildPhase;
			buildActionMask = 2147483647;
			files = (
				88C5E9BF254A242300C5A231 /* AppDelegate.swift in Sources */,
				88C5E9BC254A1CFB00C5A231 /* Formatter.swift in Sources */,
				882178C72548CA450044DCED /* TasksListView.swift in Sources */,
				8825954F2549D9CA006D6E23 /* Calendar.swift in Sources */,
				88681B87254C6CAD00F2A523 /* CalendarCellView.swift in Sources */,
				882178B52548C5DD0044DCED /* RootView.swift in Sources */,
				882178C32548C97E0044DCED /* TasksView.swift in Sources */,
				882178BC2548C6CE0044DCED /* AddTaskView.swift in Sources */,
				880690C3254D79AC004AD7E9 /* TaskDetailsView.swift in Sources */,
				882178B12548C3250044DCED /* Task.swift in Sources */,
				8821787D254879CB0044DCED /* ToDoApp.swift in Sources */,
				88217895254882380044DCED /* DatabaseManager.swift in Sources */,
				88C5E9B9254A1C8D00C5A231 /* CalendarLineView.swift in Sources */,
				882178CA2548CA6B0044DCED /* TaskView.swift in Sources */,
			);
			runOnlyForDeploymentPostprocessing = 0;
		};
/* End PBXSourcesBuildPhase section */

/* Begin XCBuildConfiguration section */
		88217886254879D00044DCED /* Debug */ = {
			isa = XCBuildConfiguration;
			buildSettings = {
				ALWAYS_SEARCH_USER_PATHS = NO;
				CLANG_ANALYZER_NONNULL = YES;
				CLANG_ANALYZER_NUMBER_OBJECT_CONVERSION = YES_AGGRESSIVE;
				CLANG_CXX_LANGUAGE_STANDARD = "gnu++14";
				CLANG_CXX_LIBRARY = "libc++";
				CLANG_ENABLE_MODULES = YES;
				CLANG_ENABLE_OBJC_ARC = YES;
				CLANG_ENABLE_OBJC_WEAK = YES;
				CLANG_WARN_BLOCK_CAPTURE_AUTORELEASING = YES;
				CLANG_WARN_BOOL_CONVERSION = YES;
				CLANG_WARN_COMMA = YES;
				CLANG_WARN_CONSTANT_CONVERSION = YES;
				CLANG_WARN_DEPRECATED_OBJC_IMPLEMENTATIONS = YES;
				CLANG_WARN_DIRECT_OBJC_ISA_USAGE = YES_ERROR;
				CLANG_WARN_DOCUMENTATION_COMMENTS = YES;
				CLANG_WARN_EMPTY_BODY = YES;
				CLANG_WARN_ENUM_CONVERSION = YES;
				CLANG_WARN_INFINITE_RECURSION = YES;
				CLANG_WARN_INT_CONVERSION = YES;
				CLANG_WARN_NON_LITERAL_NULL_CONVERSION = YES;
				CLANG_WARN_OBJC_IMPLICIT_RETAIN_SELF = YES;
				CLANG_WARN_OBJC_LITERAL_CONVERSION = YES;
				CLANG_WARN_OBJC_ROOT_CLASS = YES_ERROR;
				CLANG_WARN_QUOTED_INCLUDE_IN_FRAMEWORK_HEADER = YES;
				CLANG_WARN_RANGE_LOOP_ANALYSIS = YES;
				CLANG_WARN_STRICT_PROTOTYPES = YES;
				CLANG_WARN_SUSPICIOUS_MOVE = YES;
				CLANG_WARN_UNGUARDED_AVAILABILITY = YES_AGGRESSIVE;
				CLANG_WARN_UNREACHABLE_CODE = YES;
				CLANG_WARN__DUPLICATE_METHOD_MATCH = YES;
				COPY_PHASE_STRIP = NO;
				DEBUG_INFORMATION_FORMAT = dwarf;
				ENABLE_STRICT_OBJC_MSGSEND = YES;
				ENABLE_TESTABILITY = YES;
				GCC_C_LANGUAGE_STANDARD = gnu11;
				GCC_DYNAMIC_NO_PIC = NO;
				GCC_NO_COMMON_BLOCKS = YES;
				GCC_OPTIMIZATION_LEVEL = 0;
				GCC_PREPROCESSOR_DEFINITIONS = (
					"DEBUG=1",
					"$(inherited)",
				);
				GCC_WARN_64_TO_32_BIT_CONVERSION = YES;
				GCC_WARN_ABOUT_RETURN_TYPE = YES_ERROR;
				GCC_WARN_UNDECLARED_SELECTOR = YES;
				GCC_WARN_UNINITIALIZED_AUTOS = YES_AGGRESSIVE;
				GCC_WARN_UNUSED_FUNCTION = YES;
				GCC_WARN_UNUSED_VARIABLE = YES;
				IPHONEOS_DEPLOYMENT_TARGET = 14.1;
				MTL_ENABLE_DEBUG_INFO = INCLUDE_SOURCE;
				MTL_FAST_MATH = YES;
				ONLY_ACTIVE_ARCH = YES;
				SDKROOT = iphoneos;
				SWIFT_ACTIVE_COMPILATION_CONDITIONS = DEBUG;
				SWIFT_OPTIMIZATION_LEVEL = "-Onone";
			};
			name = Debug;
		};
		88217887254879D00044DCED /* Release */ = {
			isa = XCBuildConfiguration;
			buildSettings = {
				ALWAYS_SEARCH_USER_PATHS = NO;
				CLANG_ANALYZER_NONNULL = YES;
				CLANG_ANALYZER_NUMBER_OBJECT_CONVERSION = YES_AGGRESSIVE;
				CLANG_CXX_LANGUAGE_STANDARD = "gnu++14";
				CLANG_CXX_LIBRARY = "libc++";
				CLANG_ENABLE_MODULES = YES;
				CLANG_ENABLE_OBJC_ARC = YES;
				CLANG_ENABLE_OBJC_WEAK = YES;
				CLANG_WARN_BLOCK_CAPTURE_AUTORELEASING = YES;
				CLANG_WARN_BOOL_CONVERSION = YES;
				CLANG_WARN_COMMA = YES;
				CLANG_WARN_CONSTANT_CONVERSION = YES;
				CLANG_WARN_DEPRECATED_OBJC_IMPLEMENTATIONS = YES;
				CLANG_WARN_DIRECT_OBJC_ISA_USAGE = YES_ERROR;
				CLANG_WARN_DOCUMENTATION_COMMENTS = YES;
				CLANG_WARN_EMPTY_BODY = YES;
				CLANG_WARN_ENUM_CONVERSION = YES;
				CLANG_WARN_INFINITE_RECURSION = YES;
				CLANG_WARN_INT_CONVERSION = YES;
				CLANG_WARN_NON_LITERAL_NULL_CONVERSION = YES;
				CLANG_WARN_OBJC_IMPLICIT_RETAIN_SELF = YES;
				CLANG_WARN_OBJC_LITERAL_CONVERSION = YES;
				CLANG_WARN_OBJC_ROOT_CLASS = YES_ERROR;
				CLANG_WARN_QUOTED_INCLUDE_IN_FRAMEWORK_HEADER = YES;
				CLANG_WARN_RANGE_LOOP_ANALYSIS = YES;
				CLANG_WARN_STRICT_PROTOTYPES = YES;
				CLANG_WARN_SUSPICIOUS_MOVE = YES;
				CLANG_WARN_UNGUARDED_AVAILABILITY = YES_AGGRESSIVE;
				CLANG_WARN_UNREACHABLE_CODE = YES;
				CLANG_WARN__DUPLICATE_METHOD_MATCH = YES;
				COPY_PHASE_STRIP = NO;
				DEBUG_INFORMATION_FORMAT = "dwarf-with-dsym";
				ENABLE_NS_ASSERTIONS = NO;
				ENABLE_STRICT_OBJC_MSGSEND = YES;
				GCC_C_LANGUAGE_STANDARD = gnu11;
				GCC_NO_COMMON_BLOCKS = YES;
				GCC_WARN_64_TO_32_BIT_CONVERSION = YES;
				GCC_WARN_ABOUT_RETURN_TYPE = YES_ERROR;
				GCC_WARN_UNDECLARED_SELECTOR = YES;
				GCC_WARN_UNINITIALIZED_AUTOS = YES_AGGRESSIVE;
				GCC_WARN_UNUSED_FUNCTION = YES;
				GCC_WARN_UNUSED_VARIABLE = YES;
				IPHONEOS_DEPLOYMENT_TARGET = 14.1;
				MTL_ENABLE_DEBUG_INFO = NO;
				MTL_FAST_MATH = YES;
				SDKROOT = iphoneos;
				SWIFT_COMPILATION_MODE = wholemodule;
				SWIFT_OPTIMIZATION_LEVEL = "-O";
				VALIDATE_PRODUCT = YES;
			};
			name = Release;
		};
		88217889254879D00044DCED /* Debug */ = {
			isa = XCBuildConfiguration;
			baseConfigurationReference = 437938D5E5F8DF945B79338A /* Pods-ToDoApp.debug.xcconfig */;
			buildSettings = {
				ASSETCATALOG_COMPILER_APPICON_NAME = AppIcon;
				ASSETCATALOG_COMPILER_GLOBAL_ACCENT_COLOR_NAME = AccentColor;
				CODE_SIGN_STYLE = Automatic;
				DEVELOPMENT_ASSET_PATHS = "\"ToDoApp/Preview Content\"";
				DEVELOPMENT_TEAM = 87N7QPTHS6;
				ENABLE_PREVIEWS = YES;
				INFOPLIST_FILE = ToDoApp/Info.plist;
				IPHONEOS_DEPLOYMENT_TARGET = 14.0;
				LD_RUNPATH_SEARCH_PATHS = (
					"$(inherited)",
					"@executable_path/Frameworks",
				);
				PRODUCT_BUNDLE_IDENTIFIER = com.beaxhem.ToDoApp;
				PRODUCT_NAME = "$(TARGET_NAME)";
				SWIFT_VERSION = 5.0;
				TARGETED_DEVICE_FAMILY = "1,2";
			};
			name = Debug;
		};
		8821788A254879D00044DCED /* Release */ = {
			isa = XCBuildConfiguration;
			baseConfigurationReference = 4A984D2B07ED18F4E583107F /* Pods-ToDoApp.release.xcconfig */;
			buildSettings = {
				ASSETCATALOG_COMPILER_APPICON_NAME = AppIcon;
				ASSETCATALOG_COMPILER_GLOBAL_ACCENT_COLOR_NAME = AccentColor;
				CODE_SIGN_STYLE = Automatic;
				DEVELOPMENT_ASSET_PATHS = "\"ToDoApp/Preview Content\"";
				DEVELOPMENT_TEAM = 87N7QPTHS6;
				ENABLE_PREVIEWS = YES;
				INFOPLIST_FILE = ToDoApp/Info.plist;
				IPHONEOS_DEPLOYMENT_TARGET = 14.0;
				LD_RUNPATH_SEARCH_PATHS = (
					"$(inherited)",
					"@executable_path/Frameworks",
				);
				PRODUCT_BUNDLE_IDENTIFIER = com.beaxhem.ToDoApp;
				PRODUCT_NAME = "$(TARGET_NAME)";
				SWIFT_VERSION = 5.0;
				TARGETED_DEVICE_FAMILY = "1,2";
			};
			name = Release;
		};
/* End XCBuildConfiguration section */

/* Begin XCConfigurationList section */
		88217874254879CB0044DCED /* Build configuration list for PBXProject "ToDoApp" */ = {
			isa = XCConfigurationList;
			buildConfigurations = (
				88217886254879D00044DCED /* Debug */,
				88217887254879D00044DCED /* Release */,
			);
			defaultConfigurationIsVisible = 0;
			defaultConfigurationName = Release;
		};
		88217888254879D00044DCED /* Build configuration list for PBXNativeTarget "ToDoApp" */ = {
			isa = XCConfigurationList;
			buildConfigurations = (
				88217889254879D00044DCED /* Debug */,
				8821788A254879D00044DCED /* Release */,
			);
			defaultConfigurationIsVisible = 0;
			defaultConfigurationName = Release;
		};
/* End XCConfigurationList section */

/* Begin XCRemoteSwiftPackageReference section */
		882178B72548C6470044DCED /* XCRemoteSwiftPackageReference "PartialSheet" */ = {
			isa = XCRemoteSwiftPackageReference;
			repositoryURL = "https://github.com/AndreaMiotto/PartialSheet.git";
			requirement = {
				kind = upToNextMajorVersion;
				minimumVersion = 2.1.11;
			};
		};
/* End XCRemoteSwiftPackageReference section */

/* Begin XCSwiftPackageProductDependency section */
		882178B82548C6470044DCED /* PartialSheet */ = {
			isa = XCSwiftPackageProductDependency;
			package = 882178B72548C6470044DCED /* XCRemoteSwiftPackageReference "PartialSheet" */;
			productName = PartialSheet;
		};
/* End XCSwiftPackageProductDependency section */
	};
	rootObject = 88217871254879CB0044DCED /* Project object */;
}
